<Solution>
  <Folder Name="/src/">
    <Project Path="src/api/api.csproj" />
    <Project Path="src/client/client.csproj" />
    <Project Path="src/domain/domain.csproj" />
    <Project Path="src/application/application.csproj" />
    <Project Path="src/infrastructure/infrastructure.csproj" />
    <Project Path="src/shared/shared.csproj" />
    <Project Path="test/churchwebsite.tests/churchwebsite.tests.csproj"/>
  </Folder>
</Solution>
