<Solution>
  <Folder Name="/src/">
    <Project Path="src/api/api.csproj" />
    <Project Path="src/client/client.csproj" />
    <Project Path="src/shared/shared.csproj" />
  </Folder>
  <Folder Name="/test/">
    <Project Path="test/churchwebsite.tests/churchwebsite.tests.csproj" />
  </Folder>
</Solution>
